
Microsoft Visual Studio Solution File, Format Version 12.00
# Visual Studio Version 16
VisualStudioVersion = 25.0.1704.1
MinimumVisualStudioVersion = 10.0.40219.1
Project("{FAE04EC0-301F-11D3-BF4B-00C04F79EFBC}") = "11", "11\11.csproj", "{E24054E8-2354-4F18-9897-C72C489A0528}"
EndProject
Global
	GlobalSection(SolutionConfigurationPlatforms) = preSolution
		Debug|Any CPU = Debug|Any CPU
		Release|Any CPU = Release|Any CPU
	EndGlobalSection
	GlobalSection(ProjectConfigurationPlatforms) = postSolution
		{E24054E8-2354-4F18-9897-C72C489A0528}.Debug|Any CPU.ActiveCfg = Debug|Any CPU
		{E24054E8-2354-4F18-9897-C72C489A0528}.Debug|Any CPU.Build.0 = Debug|Any CPU
		{E24054E8-2354-4F18-9897-C72C489A0528}.Release|Any CPU.ActiveCfg = Release|Any CPU
		{E24054E8-2354-4F18-9897-C72C489A0528}.Release|Any CPU.Build.0 = Release|Any CPU
	EndGlobalSection
	GlobalSection(SolutionProperties) = preSolution
		HideSolutionNode = FALSE
	EndGlobalSection
	GlobalSection(ExtensibilityGlobals) = postSolution
		SolutionGuid = {90C97C0C-E3DA-452F-A978-AC3E11C5A591}
	EndGlobalSection
EndGlobal
